<?xml version="1.0" encoding="utf-8"?>
<Project ToolsVersion="4.0" xmlns="http://schemas.microsoft.com/developer/msbuild/2003">
  <ItemGroup>
    <ClCompile Include="..\..\share\tinyxml\md5.cpp">
      <Filter>share\tinyxml</Filter>
    </ClCompile>
    <ClCompile Include="..\..\share\tinyxml\tinystr.cpp">
      <Filter>share\tinyxml</Filter>
    </ClCompile>
    <ClCompile Include="..\..\share\tinyxml\tinyxml.cpp">
      <Filter>share\tinyxml</Filter>
    </ClCompile>
    <ClCompile Include="..\..\share\tinyxml\tinyxmlerror.cpp">
      <Filter>share\tinyxml</Filter>
    </ClCompile>
    <ClCompile Include="..\..\share\tinyxml\tinyxmlparser.cpp">
      <Filter>share\tinyxml</Filter>
    </ClCompile>
    <ClCompile Include="..\..\share\ShareFunction.cpp">
      <Filter>share</Filter>
    </ClCompile>
    <ClCompile Include="AppGlobal.cpp">
      <Filter>app</Filter>
    </ClCompile>
    <ClCompile Include="AppManager.cpp">
      <Filter>app</Filter>
    </ClCompile>
    <ClCompile Include="Server.cpp" />
    <ClCompile Include="AppLogin.cpp">
      <Filter>app</Filter>
    </ClCompile>
    <ClCompile Include="UserManager.cpp">
      <Filter>app</Filter>
    </ClCompile>
    <ClCompile Include="WorldData.cpp">
      <Filter>app</Filter>
    </ClCompile>
    <ClCompile Include="..\..\share\LogFile.cpp">
      <Filter>share</Filter>
    </ClCompile>
    <ClCompile Include="..\..\engine\INetBase.cpp">
      <Filter>engine</Filter>
    </ClCompile>
    <ClCompile Include="..\..\engine\IOPool.cpp">
      <Filter>engine</Filter>
    </ClCompile>
    <ClCompile Include="..\..\engine\TcpServer.cpp">
      <Filter>engine</Filter>
    </ClCompile>
    <ClCompile Include="..\..\engine\TcpServer_Funs.cpp">
      <Filter>engine</Filter>
    </ClCompile>
    <ClCompile Include="..\..\engine\TcpServer_Thread.cpp">
      <Filter>engine</Filter>
    </ClCompile>
    <ClCompile Include="..\..\share\sha1\sha1.cpp">
      <Filter>share</Filter>
    </ClCompile>
    <ClCompile Include="..\..\share\base.cpp">
      <Filter>share</Filter>
    </ClCompile>
    <ClCompile Include="AppRoom.cpp">
      <Filter>app</Filter>
    </ClCompile>
  </ItemGroup>
  <ItemGroup>
    <Filter Include="share">
      <UniqueIdentifier>{4d2ece93-b252-4905-946b-d4f8d08306e7}</UniqueIdentifier>
    </Filter>
    <Filter Include="share\tinyxml">
      <UniqueIdentifier>{b377c5c1-c9db-4148-8444-e4dd2123e88e}</UniqueIdentifier>
    </Filter>
    <Filter Include="engine">
      <UniqueIdentifier>{b9d49e65-22dc-4daa-98ff-96df272654d5}</UniqueIdentifier>
    </Filter>
    <Filter Include="app">
      <UniqueIdentifier>{64425338-1d43-4793-8ef1-78ea982f5293}</UniqueIdentifier>
    </Filter>
    <Filter Include="Timer">
      <UniqueIdentifier>{daece8d4-7f5e-4939-9a94-ea98c7d82f87}</UniqueIdentifier>
    </Filter>
  </ItemGroup>
  <ItemGroup>
    <ClInclude Include="..\..\share\tinyxml\md5.h">
      <Filter>share\tinyxml</Filter>
    </ClInclude>
    <ClInclude Include="..\..\share\tinyxml\tinystr.h">
      <Filter>share\tinyxml</Filter>
    </ClInclude>
    <ClInclude Include="..\..\share\tinyxml\tinyxml.h">
      <Filter>share\tinyxml</Filter>
    </ClInclude>
    <ClInclude Include="..\..\share\ShareFunction.h">
      <Filter>share</Filter>
    </ClInclude>
    <ClInclude Include="AppGlobal.h">
      <Filter>app</Filter>
    </ClInclude>
    <ClInclude Include="AppManager.h">
      <Filter>app</Filter>
    </ClInclude>
    <ClInclude Include="AppLogin.h">
      <Filter>app</Filter>
    </ClInclude>
    <ClInclude Include="UserManager.h">
      <Filter>app</Filter>
    </ClInclude>
    <ClInclude Include="WorldData.h">
      <Filter>app</Filter>
    </ClInclude>
    <ClInclude Include="..\..\share\CommandData.h">
      <Filter>share</Filter>
    </ClInclude>
    <ClInclude Include="..\..\share\UserData.h">
      <Filter>share</Filter>
    </ClInclude>
    <ClInclude Include="..\..\share\LogFile.h">
      <Filter>share</Filter>
    </ClInclude>
    <ClInclude Include="..\..\engine\IContainer.h">
      <Filter>engine</Filter>
    </ClInclude>
    <ClInclude Include="..\..\engine\IDefine.h">
      <Filter>engine</Filter>
    </ClInclude>
    <ClInclude Include="..\..\engine\INetBase.h">
      <Filter>engine</Filter>
    </ClInclude>
    <ClInclude Include="..\..\engine\IOPool.h">
      <Filter>engine</Filter>
    </ClInclude>
    <ClInclude Include="..\..\engine\TcpServer.h">
      <Filter>engine</Filter>
    </ClInclude>
    <ClInclude Include="..\..\share\sha1\sha1.h">
      <Filter>share</Filter>
    </ClInclude>
    <ClInclude Include="base.h">
      <Filter>share</Filter>
    </ClInclude>
    <ClInclude Include="..\..\share\ShellRandom.hpp">
      <Filter>share</Filter>
    </ClInclude>
    <ClInclude Include="AppRoom.h">
      <Filter>app</Filter>
    </ClInclude>
  </ItemGroup>
  <ItemGroup>
    <Xml Include="..\exe\config_server.xml" />
  </ItemGroup>
</Project>